
Microsoft Visual Studio Solution File, Format Version 12.00
# Visual Studio 2013
VisualStudioVersion = 12.0.21005.1
MinimumVisualStudioVersion = 10.0.40219.1
Project("{FAE04EC0-301F-11D3-BF4B-00C04F79EFBC}") = "ShaleCo.Cryptography", "ShaleCo.Cryptography\ShaleCo.Cryptography.csproj", "{7E356D1E-12EA-4DD6-B3B3-FC2BF7AC8D2A}"
EndProject
Project("{FAE04EC0-301F-11D3-BF4B-00C04F79EFBC}") = "ShaleCo.Cryptography.Test", "ShaleCo.Cryptography.Test\ShaleCo.Cryptography.Test.csproj", "{DC6A415F-8635-4BE0-92C0-41A3E4530CF8}"
EndProject
Global
	GlobalSection(SolutionConfigurationPlatforms) = preSolution
		Debug|Any CPU = Debug|Any CPU
		Release|Any CPU = Release|Any CPU
	EndGlobalSection
	GlobalSection(ProjectConfigurationPlatforms) = postSolution
		{7E356D1E-12EA-4DD6-B3B3-FC2BF7AC8D2A}.Debug|Any CPU.ActiveCfg = Debug|Any CPU
		{7E356D1E-12EA-4DD6-B3B3-FC2BF7AC8D2A}.Debug|Any CPU.Build.0 = Debug|Any CPU
		{7E356D1E-12EA-4DD6-B3B3-FC2BF7AC8D2A}.Release|Any CPU.ActiveCfg = Release|Any CPU
		{7E356D1E-12EA-4DD6-B3B3-FC2BF7AC8D2A}.Release|Any CPU.Build.0 = Release|Any CPU
		{DC6A415F-8635-4BE0-92C0-41A3E4530CF8}.Debug|Any CPU.ActiveCfg = Debug|Any CPU
		{DC6A415F-8635-4BE0-92C0-41A3E4530CF8}.Debug|Any CPU.Build.0 = Debug|Any CPU
		{DC6A415F-8635-4BE0-92C0-41A3E4530CF8}.Release|Any CPU.ActiveCfg = Release|Any CPU
		{DC6A415F-8635-4BE0-92C0-41A3E4530CF8}.Release|Any CPU.Build.0 = Release|Any CPU
	EndGlobalSection
	GlobalSection(SolutionProperties) = preSolution
		HideSolutionNode = FALSE
	EndGlobalSection
EndGlobal
